// !$*UTF8*$!
{
	archiveVersion = 1;
	classes = {
	};
	objectVersion = 50;
	objects = {

/* Begin PBXBuildFile section */
		840CDC76237B946E00850469 /* AppDelegate.m in Sources */ = {isa = PBXBuildFile; fileRef = 840CDC75237B946E00850469 /* AppDelegate.m */; };
		840CDC79237B946E00850469 /* SceneDelegate.m in Sources */ = {isa = PBXBuildFile; fileRef = 840CDC78237B946E00850469 /* SceneDelegate.m */; };
		840CDC7C237B946E00850469 /* ViewController.m in Sources */ = {isa = PBXBuildFile; fileRef = 840CDC7B237B946E00850469 /* ViewController.m */; };
		840CDC7F237B946E00850469 /* Main.storyboard in Resources */ = {isa = PBXBuildFile; fileRef = 840CDC7D237B946E00850469 /* Main.storyboard */; };
		840CDC81237B947100850469 /* Assets.xcassets in Resources */ = {isa = PBXBuildFile; fileRef = 840CDC80237B947100850469 /* Assets.xcassets */; };
		840CDC84237B947100850469 /* LaunchScreen.storyboard in Resources */ = {isa = PBXBuildFile; fileRef = 840CDC82237B947100850469 /* LaunchScreen.storyboard */; };
		840CDC87237B947100850469 /* main.m in Sources */ = {isa = PBXBuildFile; fileRef = 840CDC86237B947100850469 /* main.m */; };
/* End PBXBuildFile section */

/* Begin PBXFileReference section */
		840CDC71237B946E00850469 /* HBAVPlayerDemo.app */ = {isa = PBXFileReference; explicitFileType = wrapper.application; includeInIndex = 0; path = HBAVPlayerDemo.app; sourceTree = BUILT_PRODUCTS_DIR; };
		840CDC74237B946E00850469 /* AppDelegate.h */ = {isa = PBXFileReference; lastKnownFileType = sourcecode.c.h; path = AppDelegate.h; sourceTree = "<group>"; };
		840CDC75237B946E00850469 /* AppDelegate.m */ = {isa = PBXFileReference; lastKnownFileType = sourcecode.c.objc; path = AppDelegate.m; sourceTree = "<group>"; };
		840CDC77237B946E00850469 /* SceneDelegate.h */ = {isa = PBXFileReference; lastKnownFileType = sourcecode.c.h; path = SceneDelegate.h; sourceTree = "<group>"; };
		840CDC78237B946E00850469 /* SceneDelegate.m */ = {isa = PBXFileReference; lastKnownFileType = sourcecode.c.objc; path = SceneDelegate.m; sourceTree = "<group>"; };
		840CDC7A237B946E00850469 /* ViewController.h */ = {isa = PBXFileReference; lastKnownFileType = sourcecode.c.h; path = ViewController.h; sourceTree = "<group>"; };
		840CDC7B237B946E00850469 /* ViewController.m */ = {isa = PBXFileReference; lastKnownFileType = sourcecode.c.objc; path = ViewController.m; sourceTree = "<group>"; };
		840CDC7E237B946E00850469 /* Base */ = {isa = PBXFileReference; lastKnownFileType = file.storyboard; name = Base; path = Base.lproj/Main.storyboard; sourceTree = "<group>"; };
		840CDC80237B947100850469 /* Assets.xcassets */ = {isa = PBXFileReference; lastKnownFileType = folder.assetcatalog; path = Assets.xcassets; sourceTree = "<group>"; };
		840CDC83237B947100850469 /* Base */ = {isa = PBXFileReference; lastKnownFileType = file.storyboard; name = Base; path = Base.lproj/LaunchScreen.storyboard; sourceTree = "<group>"; };
		840CDC85237B947100850469 /* Info.plist */ = {isa = PBXFileReference; lastKnownFileType = text.plist.xml; path = Info.plist; sourceTree = "<group>"; };
		840CDC86237B947100850469 /* main.m */ = {isa = PBXFileReference; lastKnownFileType = sourcecode.c.objc; path = main.m; sourceTree = "<group>"; };
/* End PBXFileReference section */

/* Begin PBXFrameworksBuildPhase section */
		840CDC6E237B946E00850469 /* Frameworks */ = {
			isa = PBXFrameworksBuildPhase;
			buildActionMask = 2147483647;
			files = (
			);
			runOnlyForDeploymentPostprocessing = 0;
		};
/* End PBXFrameworksBuildPhase section */

/* Begin PBXGroup section */
		840CDC68237B946E00850469 = {
			isa = PBXGroup;
			children = (
				840CDC73237B946E00850469 /* HBAVPlayerDemo */,
				840CDC72237B946E00850469 /* Products */,
			);
			sourceTree = "<group>";
		};
		840CDC72237B946E00850469 /* Products */ = {
			isa = PBXGroup;
			children = (
				840CDC71237B946E00850469 /* HBAVPlayerDemo.app */,
			);
			name = Products;
			sourceTree = "<group>";
		};
		840CDC73237B946E00850469 /* HBAVPlayerDemo */ = {
			isa = PBXGroup;
			children = (
				840CDC74237B946E00850469 /* AppDelegate.h */,
				840CDC75237B946E00850469 /* AppDelegate.m */,
				840CDC77237B946E00850469 /* SceneDelegate.h */,
				840CDC78237B946E00850469 /* SceneDelegate.m */,
				840CDC7A237B946E00850469 /* ViewController.h */,
				840CDC7B237B946E00850469 /* ViewController.m */,
				840CDC7D237B946E00850469 /* Main.storyboard */,
				840CDC80237B947100850469 /* Assets.xcassets */,
				840CDC82237B947100850469 /* LaunchScreen.storyboard */,
				840CDC85237B947100850469 /* Info.plist */,
				840CDC86237B947100850469 /* main.m */,
			);
			path = HBAVPlayerDemo;
			sourceTree = "<group>";
		};
/* End PBXGroup section */

/* Begin PBXNativeTarget section */
		840CDC70237B946E00850469 /* HBAVPlayerDemo */ = {
			isa = PBXNativeTarget;
			buildConfigurationList = 840CDC8A237B947100850469 /* Build configuration list for PBXNativeTarget "HBAVPlayerDemo" */;
			buildPhases = (
				840CDC6D237B946E00850469 /* Sources */,
				840CDC6E237B946E00850469 /* Frameworks */,
				840CDC6F237B946E00850469 /* Resources */,
			);
			buildRules = (
			);
			dependencies = (
			);
			name = HBAVPlayerDemo;
			productName = HBAVPlayerDemo;
			productReference = 840CDC71237B946E00850469 /* HBAVPlayerDemo.app */;
			productType = "com.apple.product-type.application";
		};
/* End PBXNativeTarget section */

/* Begin PBXProject section */
		840CDC69237B946E00850469 /* Project object */ = {
			isa = PBXProject;
			attributes = {
				LastUpgradeCheck = 1110;
				ORGANIZATIONNAME = admin;
				TargetAttributes = {
					840CDC70237B946E00850469 = {
						CreatedOnToolsVersion = 11.1;
					};
				};
			};
			buildConfigurationList = 840CDC6C237B946E00850469 /* Build configuration list for PBXProject "HBAVPlayerDemo" */;
			compatibilityVersion = "Xcode 9.3";
			developmentRegion = en;
			hasScannedForEncodings = 0;
			knownRegions = (
				en,
				Base,
			);
			mainGroup = 840CDC68237B946E00850469;
			productRefGroup = 840CDC72237B946E00850469 /* Products */;
			projectDirPath = "";
			projectRoot = "";
			targets = (
				840CDC70237B946E00850469 /* HBAVPlayerDemo */,
			);
		};
/* End PBXProject section */

/* Begin PBXResourcesBuildPhase section */
		840CDC6F237B946E00850469 /* Resources */ = {
			isa = PBXResourcesBuildPhase;
			buildActionMask = 2147483647;
			files = (
				840CDC84237B947100850469 /* LaunchScreen.storyboard in Resources */,
				840CDC81237B947100850469 /* Assets.xcassets in Resources */,
				840CDC7F237B946E00850469 /* Main.storyboard in Resources */,
			);
			runOnlyForDeploymentPostprocessing = 0;
		};
/* End PBXResourcesBuildPhase section */

/* Begin PBXSourcesBuildPhase section */
		840CDC6D237B946E00850469 /* Sources */ = {
			isa = PBXSourcesBuildPhase;
			buildActionMask = 2147483647;
			files = (
				840CDC7C237B946E00850469 /* ViewController.m in Sources */,
				840CDC76237B946E00850469 /* AppDelegate.m in Sources */,
				840CDC87237B947100850469 /* main.m in Sources */,
				840CDC79237B946E00850469 /* SceneDelegate.m in Sources */,
			);
			runOnlyForDeploymentPostprocessing = 0;
		};
/* End PBXSourcesBuildPhase section */

/* Begin PBXVariantGroup section */
		840CDC7D237B946E00850469 /* Main.storyboard */ = {
			isa = PBXVariantGroup;
			children = (
				840CDC7E237B946E00850469 /* Base */,
			);
			name = Main.storyboard;
			sourceTree = "<group>";
		};
		840CDC82237B947100850469 /* LaunchScreen.storyboard */ = {
			isa = PBXVariantGroup;
			children = (
				840CDC83237B947100850469 /* Base */,
			);
			name = LaunchScreen.storyboard;
			sourceTree = "<group>";
		};
/* End PBXVariantGroup section */

/* Begin XCBuildConfiguration section */
		840CDC88237B947100850469 /* Debug */ = {
			isa = XCBuildConfiguration;
			buildSettings = {
				ALWAYS_SEARCH_USER_PATHS = NO;
				CLANG_ANALYZER_NONNULL = YES;
				CLANG_ANALYZER_NUMBER_OBJECT_CONVERSION = YES_AGGRESSIVE;
				CLANG_CXX_LANGUAGE_STANDARD = "gnu++14";
				CLANG_CXX_LIBRARY = "libc++";
				CLANG_ENABLE_MODULES = YES;
				CLANG_ENABLE_OBJC_ARC = YES;
				CLANG_ENABLE_OBJC_WEAK = YES;
				CLANG_WARN_BLOCK_CAPTURE_AUTORELEASING = YES;
				CLANG_WARN_BOOL_CONVERSION = YES;
				CLANG_WARN_COMMA = YES;
				CLANG_WARN_CONSTANT_CONVERSION = YES;
				CLANG_WARN_DEPRECATED_OBJC_IMPLEMENTATIONS = YES;
				CLANG_WARN_DIRECT_OBJC_ISA_USAGE = YES_ERROR;
				CLANG_WARN_DOCUMENTATION_COMMENTS = YES;
				CLANG_WARN_EMPTY_BODY = YES;
				CLANG_WARN_ENUM_CONVERSION = YES;
				CLANG_WARN_INFINITE_RECURSION = YES;
				CLANG_WARN_INT_CONVERSION = YES;
				CLANG_WARN_NON_LITERAL_NULL_CONVERSION = YES;
				CLANG_WARN_OBJC_IMPLICIT_RETAIN_SELF = YES;
				CLANG_WARN_OBJC_LITERAL_CONVERSION = YES;
				CLANG_WARN_OBJC_ROOT_CLASS = YES_ERROR;
				CLANG_WARN_RANGE_LOOP_ANALYSIS = YES;
				CLANG_WARN_STRICT_PROTOTYPES = YES;
				CLANG_WARN_SUSPICIOUS_MOVE = YES;
				CLANG_WARN_UNGUARDED_AVAILABILITY = YES_AGGRESSIVE;
				CLANG_WARN_UNREACHABLE_CODE = YES;
				CLANG_WARN__DUPLICATE_METHOD_MATCH = YES;
				COPY_PHASE_STRIP = NO;
				DEBUG_INFORMATION_FORMAT = dwarf;
				ENABLE_STRICT_OBJC_MSGSEND = YES;
				ENABLE_TESTABILITY = YES;
				GCC_C_LANGUAGE_STANDARD = gnu11;
				GCC_DYNAMIC_NO_PIC = NO;
				GCC_NO_COMMON_BLOCKS = YES;
				GCC_OPTIMIZATION_LEVEL = 0;
				GCC_PREPROCESSOR_DEFINITIONS = (
					"DEBUG=1",
					"$(inherited)",
				);
				GCC_WARN_64_TO_32_BIT_CONVERSION = YES;
				GCC_WARN_ABOUT_RETURN_TYPE = YES_ERROR;
				GCC_WARN_UNDECLARED_SELECTOR = YES;
				GCC_WARN_UNINITIALIZED_AUTOS = YES_AGGRESSIVE;
				GCC_WARN_UNUSED_FUNCTION = YES;
				GCC_WARN_UNUSED_VARIABLE = YES;
				IPHONEOS_DEPLOYMENT_TARGET = 13.1;
				MTL_ENABLE_DEBUG_INFO = INCLUDE_SOURCE;
				MTL_FAST_MATH = YES;
				ONLY_ACTIVE_ARCH = YES;
				SDKROOT = iphoneos;
			};
			name = Debug;
		};
		840CDC89237B947100850469 /* Release */ = {
			isa = XCBuildConfiguration;
			buildSettings = {
				ALWAYS_SEARCH_USER_PATHS = NO;
				CLANG_ANALYZER_NONNULL = YES;
				CLANG_ANALYZER_NUMBER_OBJECT_CONVERSION = YES_AGGRESSIVE;
				CLANG_CXX_LANGUAGE_STANDARD = "gnu++14";
				CLANG_CXX_LIBRARY = "libc++";
				CLANG_ENABLE_MODULES = YES;
				CLANG_ENABLE_OBJC_ARC = YES;
				CLANG_ENABLE_OBJC_WEAK = YES;
				CLANG_WARN_BLOCK_CAPTURE_AUTORELEASING = YES;
				CLANG_WARN_BOOL_CONVERSION = YES;
				CLANG_WARN_COMMA = YES;
				CLANG_WARN_CONSTANT_CONVERSION = YES;
				CLANG_WARN_DEPRECATED_OBJC_IMPLEMENTATIONS = YES;
				CLANG_WARN_DIRECT_OBJC_ISA_USAGE = YES_ERROR;
				CLANG_WARN_DOCUMENTATION_COMMENTS = YES;
				CLANG_WARN_EMPTY_BODY = YES;
				CLANG_WARN_ENUM_CONVERSION = YES;
				CLANG_WARN_INFINITE_RECURSION = YES;
				CLANG_WARN_INT_CONVERSION = YES;
				CLANG_WARN_NON_LITERAL_NULL_CONVERSION = YES;
				CLANG_WARN_OBJC_IMPLICIT_RETAIN_SELF = YES;
				CLANG_WARN_OBJC_LITERAL_CONVERSION = YES;
				CLANG_WARN_OBJC_ROOT_CLASS = YES_ERROR;
				CLANG_WARN_RANGE_LOOP_ANALYSIS = YES;
				CLANG_WARN_STRICT_PROTOTYPES = YES;
				CLANG_WARN_SUSPICIOUS_MOVE = YES;
				CLANG_WARN_UNGUARDED_AVAILABILITY = YES_AGGRESSIVE;
				CLANG_WARN_UNREACHABLE_CODE = YES;
				CLANG_WARN__DUPLICATE_METHOD_MATCH = YES;
				COPY_PHASE_STRIP = NO;
				DEBUG_INFORMATION_FORMAT = "dwarf-with-dsym";
				ENABLE_NS_ASSERTIONS = NO;
				ENABLE_STRICT_OBJC_MSGSEND = YES;
				GCC_C_LANGUAGE_STANDARD = gnu11;
				GCC_NO_COMMON_BLOCKS = YES;
				GCC_WARN_64_TO_32_BIT_CONVERSION = YES;
				GCC_WARN_ABOUT_RETURN_TYPE = YES_ERROR;
				GCC_WARN_UNDECLARED_SELECTOR = YES;
				GCC_WARN_UNINITIALIZED_AUTOS = YES_AGGRESSIVE;
				GCC_WARN_UNUSED_FUNCTION = YES;
				GCC_WARN_UNUSED_VARIABLE = YES;
				IPHONEOS_DEPLOYMENT_TARGET = 13.1;
				MTL_ENABLE_DEBUG_INFO = NO;
				MTL_FAST_MATH = YES;
				SDKROOT = iphoneos;
				VALIDATE_PRODUCT = YES;
			};
			name = Release;
		};
		840CDC8B237B947100850469 /* Debug */ = {
			isa = XCBuildConfiguration;
			buildSettings = {
				ASSETCATALOG_COMPILER_APPICON_NAME = AppIcon;
				CODE_SIGN_STYLE = Automatic;
				DEVELOPMENT_TEAM = BYR72B64W9;
				INFOPLIST_FILE = HBAVPlayerDemo/Info.plist;
				IPHONEOS_DEPLOYMENT_TARGET = 12.0;
				LD_RUNPATH_SEARCH_PATHS = (
					"$(inherited)",
					"@executable_path/Frameworks",
				);
				PRODUCT_BUNDLE_IDENTIFIER = com.yuantu.HBAVPlayerDemo;
				PRODUCT_NAME = "$(TARGET_NAME)";
				TARGETED_DEVICE_FAMILY = "1,2";
			};
			name = Debug;
		};
		840CDC8C237B947100850469 /* Release */ = {
			isa = XCBuildConfiguration;
			buildSettings = {
				ASSETCATALOG_COMPILER_APPICON_NAME = AppIcon;
				CODE_SIGN_STYLE = Automatic;
				DEVELOPMENT_TEAM = BYR72B64W9;
				INFOPLIST_FILE = HBAVPlayerDemo/Info.plist;
				IPHONEOS_DEPLOYMENT_TARGET = 12.0;
				LD_RUNPATH_SEARCH_PATHS = (
					"$(inherited)",
					"@executable_path/Frameworks",
				);
				PRODUCT_BUNDLE_IDENTIFIER = com.yuantu.HBAVPlayerDemo;
				PRODUCT_NAME = "$(TARGET_NAME)";
				TARGETED_DEVICE_FAMILY = "1,2";
			};
			name = Release;
		};
/* End XCBuildConfiguration section */

/* Begin XCConfigurationList section */
		840CDC6C237B946E00850469 /* Build configuration list for PBXProject "HBAVPlayerDemo" */ = {
			isa = XCConfigurationList;
			buildConfigurations = (
				840CDC88237B947100850469 /* Debug */,
				840CDC89237B947100850469 /* Release */,
			);
			defaultConfigurationIsVisible = 0;
			defaultConfigurationName = Release;
		};
		840CDC8A237B947100850469 /* Build configuration list for PBXNativeTarget "HBAVPlayerDemo" */ = {
			isa = XCConfigurationList;
			buildConfigurations = (
				840CDC8B237B947100850469 /* Debug */,
				840CDC8C237B947100850469 /* Release */,
			);
			defaultConfigurationIsVisible = 0;
			defaultConfigurationName = Release;
		};
/* End XCConfigurationList section */
	};
	rootObject = 840CDC69237B946E00850469 /* Project object */;
}
